
Microsoft Visual Studio Solution File, Format Version 12.00
# Visual Studio Version 16
VisualStudioVersion = 16.0.31911.196
MinimumVisualStudioVersion = 10.0.40219.1
Project("{FAE04EC0-301F-11D3-BF4B-00C04F79EFBC}") = "CreatingLaptop", "CreatingLaptop\CreatingLaptop.csproj", "{A8049D81-5A7F-4D39-B775-0BB39FE5C016}"
EndProject
Global
	GlobalSection(SolutionConfigurationPlatforms) = preSolution
		Debug|Any CPU = Debug|Any CPU
		Release|Any CPU = Release|Any CPU
	EndGlobalSection
	GlobalSection(ProjectConfigurationPlatforms) = postSolution
		{A8049D81-5A7F-4D39-B775-0BB39FE5C016}.Debug|Any CPU.ActiveCfg = Debug|Any CPU
		{A8049D81-5A7F-4D39-B775-0BB39FE5C016}.Debug|Any CPU.Build.0 = Debug|Any CPU
		{A8049D81-5A7F-4D39-B775-0BB39FE5C016}.Release|Any CPU.ActiveCfg = Release|Any CPU
		{A8049D81-5A7F-4D39-B775-0BB39FE5C016}.Release|Any CPU.Build.0 = Release|Any CPU
	EndGlobalSection
	GlobalSection(SolutionProperties) = preSolution
		HideSolutionNode = FALSE
	EndGlobalSection
	GlobalSection(ExtensibilityGlobals) = postSolution
		SolutionGuid = {56E5B371-EB98-49CD-A352-E158CFC170F7}
	EndGlobalSection
EndGlobal
