
Microsoft Visual Studio Solution File, Format Version 12.00
# Visual Studio Version 16
VisualStudioVersion = 16.0.31911.196
MinimumVisualStudioVersion = 10.0.40219.1
Project("{FAE04EC0-301F-11D3-BF4B-00C04F79EFBC}") = "FileHandling", "FileHandling\FileHandling.csproj", "{3864AF77-F36A-4C3A-B5AD-BA64295BE105}"
EndProject
Global
	GlobalSection(SolutionConfigurationPlatforms) = preSolution
		Debug|Any CPU = Debug|Any CPU
		Release|Any CPU = Release|Any CPU
	EndGlobalSection
	GlobalSection(ProjectConfigurationPlatforms) = postSolution
		{3864AF77-F36A-4C3A-B5AD-BA64295BE105}.Debug|Any CPU.ActiveCfg = Debug|Any CPU
		{3864AF77-F36A-4C3A-B5AD-BA64295BE105}.Debug|Any CPU.Build.0 = Debug|Any CPU
		{3864AF77-F36A-4C3A-B5AD-BA64295BE105}.Release|Any CPU.ActiveCfg = Release|Any CPU
		{3864AF77-F36A-4C3A-B5AD-BA64295BE105}.Release|Any CPU.Build.0 = Release|Any CPU
	EndGlobalSection
	GlobalSection(SolutionProperties) = preSolution
		HideSolutionNode = FALSE
	EndGlobalSection
	GlobalSection(ExtensibilityGlobals) = postSolution
		SolutionGuid = {9ED9D55E-5844-4AAB-ACE3-07324D4DC11E}
	EndGlobalSection
EndGlobal
