
Microsoft Visual Studio Solution File, Format Version 12.00
# Visual Studio Version 16
VisualStudioVersion = 16.0.31911.196
MinimumVisualStudioVersion = 10.0.40219.1
Project("{FAE04EC0-301F-11D3-BF4B-00C04F79EFBC}") = "ClassesStudent+Teacher", "ClassesStudent+Teacher\ClassesStudent+Teacher.csproj", "{770F7EC9-06F5-46E4-8451-F785B60D45BE}"
EndProject
Global
	GlobalSection(SolutionConfigurationPlatforms) = preSolution
		Debug|Any CPU = Debug|Any CPU
		Release|Any CPU = Release|Any CPU
	EndGlobalSection
	GlobalSection(ProjectConfigurationPlatforms) = postSolution
		{770F7EC9-06F5-46E4-8451-F785B60D45BE}.Debug|Any CPU.ActiveCfg = Debug|Any CPU
		{770F7EC9-06F5-46E4-8451-F785B60D45BE}.Debug|Any CPU.Build.0 = Debug|Any CPU
		{770F7EC9-06F5-46E4-8451-F785B60D45BE}.Release|Any CPU.ActiveCfg = Release|Any CPU
		{770F7EC9-06F5-46E4-8451-F785B60D45BE}.Release|Any CPU.Build.0 = Release|Any CPU
	EndGlobalSection
	GlobalSection(SolutionProperties) = preSolution
		HideSolutionNode = FALSE
	EndGlobalSection
	GlobalSection(ExtensibilityGlobals) = postSolution
		SolutionGuid = {5B7D014E-0CE3-4EC1-BC18-257E37E9B9F3}
	EndGlobalSection
EndGlobal
