
Microsoft Visual Studio Solution File, Format Version 12.00
# Visual Studio Version 16
VisualStudioVersion = 16.0.31911.196
MinimumVisualStudioVersion = 10.0.40219.1
Project("{FAE04EC0-301F-11D3-BF4B-00C04F79EFBC}") = "Exersice", "Exersice\Exersice.csproj", "{3BD96043-C153-4263-9783-6BC911D73B65}"
EndProject
Global
	GlobalSection(SolutionConfigurationPlatforms) = preSolution
		Debug|Any CPU = Debug|Any CPU
		Release|Any CPU = Release|Any CPU
	EndGlobalSection
	GlobalSection(ProjectConfigurationPlatforms) = postSolution
		{3BD96043-C153-4263-9783-6BC911D73B65}.Debug|Any CPU.ActiveCfg = Debug|Any CPU
		{3BD96043-C153-4263-9783-6BC911D73B65}.Debug|Any CPU.Build.0 = Debug|Any CPU
		{3BD96043-C153-4263-9783-6BC911D73B65}.Release|Any CPU.ActiveCfg = Release|Any CPU
		{3BD96043-C153-4263-9783-6BC911D73B65}.Release|Any CPU.Build.0 = Release|Any CPU
	EndGlobalSection
	GlobalSection(SolutionProperties) = preSolution
		HideSolutionNode = FALSE
	EndGlobalSection
	GlobalSection(ExtensibilityGlobals) = postSolution
		SolutionGuid = {45326DC3-BBAF-4AC5-B421-234E8B83003B}
	EndGlobalSection
EndGlobal
