
Microsoft Visual Studio Solution File, Format Version 12.00
# Visual Studio Version 16
VisualStudioVersion = 16.0.31911.196
MinimumVisualStudioVersion = 10.0.40219.1
Project("{FAE04EC0-301F-11D3-BF4B-00C04F79EFBC}") = "FileStream", "FileStream\FileStream.csproj", "{B1AA408A-4AAF-438F-827B-6A7B17D38B56}"
EndProject
Global
	GlobalSection(SolutionConfigurationPlatforms) = preSolution
		Debug|Any CPU = Debug|Any CPU
		Release|Any CPU = Release|Any CPU
	EndGlobalSection
	GlobalSection(ProjectConfigurationPlatforms) = postSolution
		{B1AA408A-4AAF-438F-827B-6A7B17D38B56}.Debug|Any CPU.ActiveCfg = Debug|Any CPU
		{B1AA408A-4AAF-438F-827B-6A7B17D38B56}.Debug|Any CPU.Build.0 = Debug|Any CPU
		{B1AA408A-4AAF-438F-827B-6A7B17D38B56}.Release|Any CPU.ActiveCfg = Release|Any CPU
		{B1AA408A-4AAF-438F-827B-6A7B17D38B56}.Release|Any CPU.Build.0 = Release|Any CPU
	EndGlobalSection
	GlobalSection(SolutionProperties) = preSolution
		HideSolutionNode = FALSE
	EndGlobalSection
	GlobalSection(ExtensibilityGlobals) = postSolution
		SolutionGuid = {921BDB12-62E4-47B1-9C96-1114E99ED77B}
	EndGlobalSection
EndGlobal
