
Microsoft Visual Studio Solution File, Format Version 12.00
# Visual Studio Version 16
VisualStudioVersion = 16.0.31911.196
MinimumVisualStudioVersion = 10.0.40219.1
Project("{FAE04EC0-301F-11D3-BF4B-00C04F79EFBC}") = "ReverseAnArray", "ReverseAnArray\ReverseAnArray.csproj", "{83500EC7-6850-4648-9C15-10DDB6C31E42}"
EndProject
Global
	GlobalSection(SolutionConfigurationPlatforms) = preSolution
		Debug|Any CPU = Debug|Any CPU
		Release|Any CPU = Release|Any CPU
	EndGlobalSection
	GlobalSection(ProjectConfigurationPlatforms) = postSolution
		{83500EC7-6850-4648-9C15-10DDB6C31E42}.Debug|Any CPU.ActiveCfg = Debug|Any CPU
		{83500EC7-6850-4648-9C15-10DDB6C31E42}.Debug|Any CPU.Build.0 = Debug|Any CPU
		{83500EC7-6850-4648-9C15-10DDB6C31E42}.Release|Any CPU.ActiveCfg = Release|Any CPU
		{83500EC7-6850-4648-9C15-10DDB6C31E42}.Release|Any CPU.Build.0 = Release|Any CPU
	EndGlobalSection
	GlobalSection(SolutionProperties) = preSolution
		HideSolutionNode = FALSE
	EndGlobalSection
	GlobalSection(ExtensibilityGlobals) = postSolution
		SolutionGuid = {2156BCEE-A41E-4278-850B-6713F80CCB05}
	EndGlobalSection
EndGlobal
