
Microsoft Visual Studio Solution File, Format Version 12.00
# Visual Studio Version 16
VisualStudioVersion = 16.0.31911.196
MinimumVisualStudioVersion = 10.0.40219.1
Project("{FAE04EC0-301F-11D3-BF4B-00C04F79EFBC}") = "FileCreateWrite", "FileCreateWrite\FileCreateWrite.csproj", "{DCC456F3-0793-469C-98F2-A98C59A95938}"
EndProject
Global
	GlobalSection(SolutionConfigurationPlatforms) = preSolution
		Debug|Any CPU = Debug|Any CPU
		Release|Any CPU = Release|Any CPU
	EndGlobalSection
	GlobalSection(ProjectConfigurationPlatforms) = postSolution
		{DCC456F3-0793-469C-98F2-A98C59A95938}.Debug|Any CPU.ActiveCfg = Debug|Any CPU
		{DCC456F3-0793-469C-98F2-A98C59A95938}.Debug|Any CPU.Build.0 = Debug|Any CPU
		{DCC456F3-0793-469C-98F2-A98C59A95938}.Release|Any CPU.ActiveCfg = Release|Any CPU
		{DCC456F3-0793-469C-98F2-A98C59A95938}.Release|Any CPU.Build.0 = Release|Any CPU
	EndGlobalSection
	GlobalSection(SolutionProperties) = preSolution
		HideSolutionNode = FALSE
	EndGlobalSection
	GlobalSection(ExtensibilityGlobals) = postSolution
		SolutionGuid = {70F3DCBA-A44B-4FC0-ACC6-06BCF6F53B42}
	EndGlobalSection
EndGlobal
